
Microsoft Visual Studio Solution File, Format Version 12.00
# Visual Studio 15
VisualStudioVersion = 15.0.28307.1525
MinimumVisualStudioVersion = 10.0.40219.1
Project("{FAE04EC0-301F-11D3-BF4B-00C04F79EFBC}") = "Sınıf Geçti_Kaldı Hesaplama", "Sınıf Geçti_Kaldı Hesaplama\Sınıf Geçti_Kaldı Hesaplama.csproj", "{71BA9AA6-037D-41CC-B3A9-8C22AC6F62EC}"
EndProject
Global
	GlobalSection(SolutionConfigurationPlatforms) = preSolution
		Debug|Any CPU = Debug|Any CPU
		Release|Any CPU = Release|Any CPU
	EndGlobalSection
	GlobalSection(ProjectConfigurationPlatforms) = postSolution
		{71BA9AA6-037D-41CC-B3A9-8C22AC6F62EC}.Debug|Any CPU.ActiveCfg = Debug|Any CPU
		{71BA9AA6-037D-41CC-B3A9-8C22AC6F62EC}.Debug|Any CPU.Build.0 = Debug|Any CPU
		{71BA9AA6-037D-41CC-B3A9-8C22AC6F62EC}.Release|Any CPU.ActiveCfg = Release|Any CPU
		{71BA9AA6-037D-41CC-B3A9-8C22AC6F62EC}.Release|Any CPU.Build.0 = Release|Any CPU
	EndGlobalSection
	GlobalSection(SolutionProperties) = preSolution
		HideSolutionNode = FALSE
	EndGlobalSection
	GlobalSection(ExtensibilityGlobals) = postSolution
		SolutionGuid = {85E16372-6712-444E-B2B6-D150B7E16F9C}
	EndGlobalSection
EndGlobal
